
Microsoft Visual Studio Solution File, Format Version 12.00
# Visual Studio Version 17
VisualStudioVersion = 17.0.31903.59
MinimumVisualStudioVersion = 10.0.40219.1
Project("{2150E333-8FDC-42A3-9474-1A3956D46DE8}") = "src", "src", "{C3F7B963-21DA-4201-B7CA-DC88BAC59E3B}"
EndProject
Project("{FAE04EC0-301F-11D3-BF4B-00C04F79EFBC}") = "Signavex.Domain", "src\Signavex.Domain\Signavex.Domain.csproj", "{2E159976-6494-4A03-AF72-F26B0B0A065A}"
EndProject
Project("{FAE04EC0-301F-11D3-BF4B-00C04F79EFBC}") = "Signavex.Signals", "src\Signavex.Signals\Signavex.Signals.csproj", "{BAD902E7-ABE2-4D1A-AB47-DFA2CC36133E}"
EndProject
Project("{FAE04EC0-301F-11D3-BF4B-00C04F79EFBC}") = "Signavex.Engine", "src\Signavex.Engine\Signavex.Engine.csproj", "{7B2A44EB-5ADD-43F9-8DE0-8F6D81CE7A69}"
EndProject
Project("{FAE04EC0-301F-11D3-BF4B-00C04F79EFBC}") = "Signavex.Infrastructure", "src\Signavex.Infrastructure\Signavex.Infrastructure.csproj", "{D10650C8-B2B4-430C-8E50-8F15BEA6EBB3}"
EndProject
Project("{FAE04EC0-301F-11D3-BF4B-00C04F79EFBC}") = "Signavex.Web", "src\Signavex.Web\Signavex.Web.csproj", "{5FD8AD9F-2F5C-4866-B079-C42B3C6FC3A5}"
EndProject
Project("{2150E333-8FDC-42A3-9474-1A3956D46DE8}") = "tests", "tests", "{BE3CA679-8C3B-4352-AA1E-BD51917F58F5}"
EndProject
Project("{FAE04EC0-301F-11D3-BF4B-00C04F79EFBC}") = "Signavex.Signals.Tests", "tests\Signavex.Signals.Tests\Signavex.Signals.Tests.csproj", "{1A4CED94-A2EB-405D-B53F-838A71C5A296}"
EndProject
Project("{FAE04EC0-301F-11D3-BF4B-00C04F79EFBC}") = "Signavex.Engine.Tests", "tests\Signavex.Engine.Tests\Signavex.Engine.Tests.csproj", "{7466D32E-7296-42D7-8A23-80E9AE69CEB4}"
EndProject
Project("{FAE04EC0-301F-11D3-BF4B-00C04F79EFBC}") = "Signavex.Infrastructure.Tests", "tests\Signavex.Infrastructure.Tests\Signavex.Infrastructure.Tests.csproj", "{88477750-6271-4C43-B36A-B27D34F11DBC}"
EndProject
Project("{FAE04EC0-301F-11D3-BF4B-00C04F79EFBC}") = "Signavex.Worker", "src\Signavex.Worker\Signavex.Worker.csproj", "{689B91D1-EC88-42D7-A6E6-A353CF931883}"
EndProject
Project("{FAE04EC0-301F-11D3-BF4B-00C04F79EFBC}") = "Signavex.Domain.Tests", "tests\Signavex.Domain.Tests\Signavex.Domain.Tests.csproj", "{3C828493-73A6-4E1F-9BBD-32E357975C81}"
EndProject
Project("{FAE04EC0-301F-11D3-BF4B-00C04F79EFBC}") = "Signavex.Worker.Tests", "tests\Signavex.Worker.Tests\Signavex.Worker.Tests.csproj", "{512277B6-DC45-412C-8E68-738A024156EB}"
EndProject
Project("{FAE04EC0-301F-11D3-BF4B-00C04F79EFBC}") = "Signavex.Functions", "src\Signavex.Functions\Signavex.Functions.csproj", "{90733A2C-DF6A-4A88-9865-382888CCE445}"
EndProject
Global
	GlobalSection(SolutionConfigurationPlatforms) = preSolution
		Debug|Any CPU = Debug|Any CPU
		Debug|x64 = Debug|x64
		Debug|x86 = Debug|x86
		Release|Any CPU = Release|Any CPU
		Release|x64 = Release|x64
		Release|x86 = Release|x86
	EndGlobalSection
	GlobalSection(ProjectConfigurationPlatforms) = postSolution
		{2E159976-6494-4A03-AF72-F26B0B0A065A}.Debug|Any CPU.ActiveCfg = Debug|Any CPU
		{2E159976-6494-4A03-AF72-F26B0B0A065A}.Debug|Any CPU.Build.0 = Debug|Any CPU
		{2E159976-6494-4A03-AF72-F26B0B0A065A}.Debug|x64.ActiveCfg = Debug|Any CPU
		{2E159976-6494-4A03-AF72-F26B0B0A065A}.Debug|x64.Build.0 = Debug|Any CPU
		{2E159976-6494-4A03-AF72-F26B0B0A065A}.Debug|x86.ActiveCfg = Debug|Any CPU
		{2E159976-6494-4A03-AF72-F26B0B0A065A}.Debug|x86.Build.0 = Debug|Any CPU
		{2E159976-6494-4A03-AF72-F26B0B0A065A}.Release|Any CPU.ActiveCfg = Release|Any CPU
		{2E159976-6494-4A03-AF72-F26B0B0A065A}.Release|Any CPU.Build.0 = Release|Any CPU
		{2E159976-6494-4A03-AF72-F26B0B0A065A}.Release|x64.ActiveCfg = Release|Any CPU
		{2E159976-6494-4A03-AF72-F26B0B0A065A}.Release|x64.Build.0 = Release|Any CPU
		{2E159976-6494-4A03-AF72-F26B0B0A065A}.Release|x86.ActiveCfg = Release|Any CPU
		{2E159976-6494-4A03-AF72-F26B0B0A065A}.Release|x86.Build.0 = Release|Any CPU
		{BAD902E7-ABE2-4D1A-AB47-DFA2CC36133E}.Debug|Any CPU.ActiveCfg = Debug|Any CPU
		{BAD902E7-ABE2-4D1A-AB47-DFA2CC36133E}.Debug|Any CPU.Build.0 = Debug|Any CPU
		{BAD902E7-ABE2-4D1A-AB47-DFA2CC36133E}.Debug|x64.ActiveCfg = Debug|Any CPU
		{BAD902E7-ABE2-4D1A-AB47-DFA2CC36133E}.Debug|x64.Build.0 = Debug|Any CPU
		{BAD902E7-ABE2-4D1A-AB47-DFA2CC36133E}.Debug|x86.ActiveCfg = Debug|Any CPU
		{BAD902E7-ABE2-4D1A-AB47-DFA2CC36133E}.Debug|x86.Build.0 = Debug|Any CPU
		{BAD902E7-ABE2-4D1A-AB47-DFA2CC36133E}.Release|Any CPU.ActiveCfg = Release|Any CPU
		{BAD902E7-ABE2-4D1A-AB47-DFA2CC36133E}.Release|Any CPU.Build.0 = Release|Any CPU
		{BAD902E7-ABE2-4D1A-AB47-DFA2CC36133E}.Release|x64.ActiveCfg = Release|Any CPU
		{BAD902E7-ABE2-4D1A-AB47-DFA2CC36133E}.Release|x64.Build.0 = Release|Any CPU
		{BAD902E7-ABE2-4D1A-AB47-DFA2CC36133E}.Release|x86.ActiveCfg = Release|Any CPU
		{BAD902E7-ABE2-4D1A-AB47-DFA2CC36133E}.Release|x86.Build.0 = Release|Any CPU
		{7B2A44EB-5ADD-43F9-8DE0-8F6D81CE7A69}.Debug|Any CPU.ActiveCfg = Debug|Any CPU
		{7B2A44EB-5ADD-43F9-8DE0-8F6D81CE7A69}.Debug|Any CPU.Build.0 = Debug|Any CPU
		{7B2A44EB-5ADD-43F9-8DE0-8F6D81CE7A69}.Debug|x64.ActiveCfg = Debug|Any CPU
		{7B2A44EB-5ADD-43F9-8DE0-8F6D81CE7A69}.Debug|x64.Build.0 = Debug|Any CPU
		{7B2A44EB-5ADD-43F9-8DE0-8F6D81CE7A69}.Debug|x86.ActiveCfg = Debug|Any CPU
		{7B2A44EB-5ADD-43F9-8DE0-8F6D81CE7A69}.Debug|x86.Build.0 = Debug|Any CPU
		{7B2A44EB-5ADD-43F9-8DE0-8F6D81CE7A69}.Release|Any CPU.ActiveCfg = Release|Any CPU
		{7B2A44EB-5ADD-43F9-8DE0-8F6D81CE7A69}.Release|Any CPU.Build.0 = Release|Any CPU
		{7B2A44EB-5ADD-43F9-8DE0-8F6D81CE7A69}.Release|x64.ActiveCfg = Release|Any CPU
		{7B2A44EB-5ADD-43F9-8DE0-8F6D81CE7A69}.Release|x64.Build.0 = Release|Any CPU
		{7B2A44EB-5ADD-43F9-8DE0-8F6D81CE7A69}.Release|x86.ActiveCfg = Release|Any CPU
		{7B2A44EB-5ADD-43F9-8DE0-8F6D81CE7A69}.Release|x86.Build.0 = Release|Any CPU
		{D10650C8-B2B4-430C-8E50-8F15BEA6EBB3}.Debug|Any CPU.ActiveCfg = Debug|Any CPU
		{D10650C8-B2B4-430C-8E50-8F15BEA6EBB3}.Debug|Any CPU.Build.0 = Debug|Any CPU
		{D10650C8-B2B4-430C-8E50-8F15BEA6EBB3}.Debug|x64.ActiveCfg = Debug|Any CPU
		{D10650C8-B2B4-430C-8E50-8F15BEA6EBB3}.Debug|x64.Build.0 = Debug|Any CPU
		{D10650C8-B2B4-430C-8E50-8F15BEA6EBB3}.Debug|x86.ActiveCfg = Debug|Any CPU
		{D10650C8-B2B4-430C-8E50-8F15BEA6EBB3}.Debug|x86.Build.0 = Debug|Any CPU
		{D10650C8-B2B4-430C-8E50-8F15BEA6EBB3}.Release|Any CPU.ActiveCfg = Release|Any CPU
		{D10650C8-B2B4-430C-8E50-8F15BEA6EBB3}.Release|Any CPU.Build.0 = Release|Any CPU
		{D10650C8-B2B4-430C-8E50-8F15BEA6EBB3}.Release|x64.ActiveCfg = Release|Any CPU
		{D10650C8-B2B4-430C-8E50-8F15BEA6EBB3}.Release|x64.Build.0 = Release|Any CPU
		{D10650C8-B2B4-430C-8E50-8F15BEA6EBB3}.Release|x86.ActiveCfg = Release|Any CPU
		{D10650C8-B2B4-430C-8E50-8F15BEA6EBB3}.Release|x86.Build.0 = Release|Any CPU
		{5FD8AD9F-2F5C-4866-B079-C42B3C6FC3A5}.Debug|Any CPU.ActiveCfg = Debug|Any CPU
		{5FD8AD9F-2F5C-4866-B079-C42B3C6FC3A5}.Debug|Any CPU.Build.0 = Debug|Any CPU
		{5FD8AD9F-2F5C-4866-B079-C42B3C6FC3A5}.Debug|x64.ActiveCfg = Debug|Any CPU
		{5FD8AD9F-2F5C-4866-B079-C42B3C6FC3A5}.Debug|x64.Build.0 = Debug|Any CPU
		{5FD8AD9F-2F5C-4866-B079-C42B3C6FC3A5}.Debug|x86.ActiveCfg = Debug|Any CPU
		{5FD8AD9F-2F5C-4866-B079-C42B3C6FC3A5}.Debug|x86.Build.0 = Debug|Any CPU
		{5FD8AD9F-2F5C-4866-B079-C42B3C6FC3A5}.Release|Any CPU.ActiveCfg = Release|Any CPU
		{5FD8AD9F-2F5C-4866-B079-C42B3C6FC3A5}.Release|Any CPU.Build.0 = Release|Any CPU
		{5FD8AD9F-2F5C-4866-B079-C42B3C6FC3A5}.Release|x64.ActiveCfg = Release|Any CPU
		{5FD8AD9F-2F5C-4866-B079-C42B3C6FC3A5}.Release|x64.Build.0 = Release|Any CPU
		{5FD8AD9F-2F5C-4866-B079-C42B3C6FC3A5}.Release|x86.ActiveCfg = Release|Any CPU
		{5FD8AD9F-2F5C-4866-B079-C42B3C6FC3A5}.Release|x86.Build.0 = Release|Any CPU
		{1A4CED94-A2EB-405D-B53F-838A71C5A296}.Debug|Any CPU.ActiveCfg = Debug|Any CPU
		{1A4CED94-A2EB-405D-B53F-838A71C5A296}.Debug|Any CPU.Build.0 = Debug|Any CPU
		{1A4CED94-A2EB-405D-B53F-838A71C5A296}.Debug|x64.ActiveCfg = Debug|Any CPU
		{1A4CED94-A2EB-405D-B53F-838A71C5A296}.Debug|x64.Build.0 = Debug|Any CPU
		{1A4CED94-A2EB-405D-B53F-838A71C5A296}.Debug|x86.ActiveCfg = Debug|Any CPU
		{1A4CED94-A2EB-405D-B53F-838A71C5A296}.Debug|x86.Build.0 = Debug|Any CPU
		{1A4CED94-A2EB-405D-B53F-838A71C5A296}.Release|Any CPU.ActiveCfg = Release|Any CPU
		{1A4CED94-A2EB-405D-B53F-838A71C5A296}.Release|Any CPU.Build.0 = Release|Any CPU
		{1A4CED94-A2EB-405D-B53F-838A71C5A296}.Release|x64.ActiveCfg = Release|Any CPU
		{1A4CED94-A2EB-405D-B53F-838A71C5A296}.Release|x64.Build.0 = Release|Any CPU
		{1A4CED94-A2EB-405D-B53F-838A71C5A296}.Release|x86.ActiveCfg = Release|Any CPU
		{1A4CED94-A2EB-405D-B53F-838A71C5A296}.Release|x86.Build.0 = Release|Any CPU
		{7466D32E-7296-42D7-8A23-80E9AE69CEB4}.Debug|Any CPU.ActiveCfg = Debug|Any CPU
		{7466D32E-7296-42D7-8A23-80E9AE69CEB4}.Debug|Any CPU.Build.0 = Debug|Any CPU
		{7466D32E-7296-42D7-8A23-80E9AE69CEB4}.Debug|x64.ActiveCfg = Debug|Any CPU
		{7466D32E-7296-42D7-8A23-80E9AE69CEB4}.Debug|x64.Build.0 = Debug|Any CPU
		{7466D32E-7296-42D7-8A23-80E9AE69CEB4}.Debug|x86.ActiveCfg = Debug|Any CPU
		{7466D32E-7296-42D7-8A23-80E9AE69CEB4}.Debug|x86.Build.0 = Debug|Any CPU
		{7466D32E-7296-42D7-8A23-80E9AE69CEB4}.Release|Any CPU.ActiveCfg = Release|Any CPU
		{7466D32E-7296-42D7-8A23-80E9AE69CEB4}.Release|Any CPU.Build.0 = Release|Any CPU
		{7466D32E-7296-42D7-8A23-80E9AE69CEB4}.Release|x64.ActiveCfg = Release|Any CPU
		{7466D32E-7296-42D7-8A23-80E9AE69CEB4}.Release|x64.Build.0 = Release|Any CPU
		{7466D32E-7296-42D7-8A23-80E9AE69CEB4}.Release|x86.ActiveCfg = Release|Any CPU
		{7466D32E-7296-42D7-8A23-80E9AE69CEB4}.Release|x86.Build.0 = Release|Any CPU
		{88477750-6271-4C43-B36A-B27D34F11DBC}.Debug|Any CPU.ActiveCfg = Debug|Any CPU
		{88477750-6271-4C43-B36A-B27D34F11DBC}.Debug|Any CPU.Build.0 = Debug|Any CPU
		{88477750-6271-4C43-B36A-B27D34F11DBC}.Debug|x64.ActiveCfg = Debug|Any CPU
		{88477750-6271-4C43-B36A-B27D34F11DBC}.Debug|x64.Build.0 = Debug|Any CPU
		{88477750-6271-4C43-B36A-B27D34F11DBC}.Debug|x86.ActiveCfg = Debug|Any CPU
		{88477750-6271-4C43-B36A-B27D34F11DBC}.Debug|x86.Build.0 = Debug|Any CPU
		{88477750-6271-4C43-B36A-B27D34F11DBC}.Release|Any CPU.ActiveCfg = Release|Any CPU
		{88477750-6271-4C43-B36A-B27D34F11DBC}.Release|Any CPU.Build.0 = Release|Any CPU
		{88477750-6271-4C43-B36A-B27D34F11DBC}.Release|x64.ActiveCfg = Release|Any CPU
		{88477750-6271-4C43-B36A-B27D34F11DBC}.Release|x64.Build.0 = Release|Any CPU
		{88477750-6271-4C43-B36A-B27D34F11DBC}.Release|x86.ActiveCfg = Release|Any CPU
		{88477750-6271-4C43-B36A-B27D34F11DBC}.Release|x86.Build.0 = Release|Any CPU
		{689B91D1-EC88-42D7-A6E6-A353CF931883}.Debug|Any CPU.ActiveCfg = Debug|Any CPU
		{689B91D1-EC88-42D7-A6E6-A353CF931883}.Debug|Any CPU.Build.0 = Debug|Any CPU
		{689B91D1-EC88-42D7-A6E6-A353CF931883}.Debug|x64.ActiveCfg = Debug|Any CPU
		{689B91D1-EC88-42D7-A6E6-A353CF931883}.Debug|x64.Build.0 = Debug|Any CPU
		{689B91D1-EC88-42D7-A6E6-A353CF931883}.Debug|x86.ActiveCfg = Debug|Any CPU
		{689B91D1-EC88-42D7-A6E6-A353CF931883}.Debug|x86.Build.0 = Debug|Any CPU
		{689B91D1-EC88-42D7-A6E6-A353CF931883}.Release|Any CPU.ActiveCfg = Release|Any CPU
		{689B91D1-EC88-42D7-A6E6-A353CF931883}.Release|Any CPU.Build.0 = Release|Any CPU
		{689B91D1-EC88-42D7-A6E6-A353CF931883}.Release|x64.ActiveCfg = Release|Any CPU
		{689B91D1-EC88-42D7-A6E6-A353CF931883}.Release|x64.Build.0 = Release|Any CPU
		{689B91D1-EC88-42D7-A6E6-A353CF931883}.Release|x86.ActiveCfg = Release|Any CPU
		{689B91D1-EC88-42D7-A6E6-A353CF931883}.Release|x86.Build.0 = Release|Any CPU
		{3C828493-73A6-4E1F-9BBD-32E357975C81}.Debug|Any CPU.ActiveCfg = Debug|Any CPU
		{3C828493-73A6-4E1F-9BBD-32E357975C81}.Debug|Any CPU.Build.0 = Debug|Any CPU
		{3C828493-73A6-4E1F-9BBD-32E357975C81}.Debug|x64.ActiveCfg = Debug|Any CPU
		{3C828493-73A6-4E1F-9BBD-32E357975C81}.Debug|x64.Build.0 = Debug|Any CPU
		{3C828493-73A6-4E1F-9BBD-32E357975C81}.Debug|x86.ActiveCfg = Debug|Any CPU
		{3C828493-73A6-4E1F-9BBD-32E357975C81}.Debug|x86.Build.0 = Debug|Any CPU
		{3C828493-73A6-4E1F-9BBD-32E357975C81}.Release|Any CPU.ActiveCfg = Release|Any CPU
		{3C828493-73A6-4E1F-9BBD-32E357975C81}.Release|Any CPU.Build.0 = Release|Any CPU
		{3C828493-73A6-4E1F-9BBD-32E357975C81}.Release|x64.ActiveCfg = Release|Any CPU
		{3C828493-73A6-4E1F-9BBD-32E357975C81}.Release|x64.Build.0 = Release|Any CPU
		{3C828493-73A6-4E1F-9BBD-32E357975C81}.Release|x86.ActiveCfg = Release|Any CPU
		{3C828493-73A6-4E1F-9BBD-32E357975C81}.Release|x86.Build.0 = Release|Any CPU
		{512277B6-DC45-412C-8E68-738A024156EB}.Debug|Any CPU.ActiveCfg = Debug|Any CPU
		{512277B6-DC45-412C-8E68-738A024156EB}.Debug|Any CPU.Build.0 = Debug|Any CPU
		{512277B6-DC45-412C-8E68-738A024156EB}.Debug|x64.ActiveCfg = Debug|Any CPU
		{512277B6-DC45-412C-8E68-738A024156EB}.Debug|x64.Build.0 = Debug|Any CPU
		{512277B6-DC45-412C-8E68-738A024156EB}.Debug|x86.ActiveCfg = Debug|Any CPU
		{512277B6-DC45-412C-8E68-738A024156EB}.Debug|x86.Build.0 = Debug|Any CPU
		{512277B6-DC45-412C-8E68-738A024156EB}.Release|Any CPU.ActiveCfg = Release|Any CPU
		{512277B6-DC45-412C-8E68-738A024156EB}.Release|Any CPU.Build.0 = Release|Any CPU
		{512277B6-DC45-412C-8E68-738A024156EB}.Release|x64.ActiveCfg = Release|Any CPU
		{512277B6-DC45-412C-8E68-738A024156EB}.Release|x64.Build.0 = Release|Any CPU
		{512277B6-DC45-412C-8E68-738A024156EB}.Release|x86.ActiveCfg = Release|Any CPU
		{512277B6-DC45-412C-8E68-738A024156EB}.Release|x86.Build.0 = Release|Any CPU
		{90733A2C-DF6A-4A88-9865-382888CCE445}.Debug|Any CPU.ActiveCfg = Debug|Any CPU
		{90733A2C-DF6A-4A88-9865-382888CCE445}.Debug|Any CPU.Build.0 = Debug|Any CPU
		{90733A2C-DF6A-4A88-9865-382888CCE445}.Debug|x64.ActiveCfg = Debug|Any CPU
		{90733A2C-DF6A-4A88-9865-382888CCE445}.Debug|x64.Build.0 = Debug|Any CPU
		{90733A2C-DF6A-4A88-9865-382888CCE445}.Debug|x86.ActiveCfg = Debug|Any CPU
		{90733A2C-DF6A-4A88-9865-382888CCE445}.Debug|x86.Build.0 = Debug|Any CPU
		{90733A2C-DF6A-4A88-9865-382888CCE445}.Release|Any CPU.ActiveCfg = Release|Any CPU
		{90733A2C-DF6A-4A88-9865-382888CCE445}.Release|Any CPU.Build.0 = Release|Any CPU
		{90733A2C-DF6A-4A88-9865-382888CCE445}.Release|x64.ActiveCfg = Release|Any CPU
		{90733A2C-DF6A-4A88-9865-382888CCE445}.Release|x64.Build.0 = Release|Any CPU
		{90733A2C-DF6A-4A88-9865-382888CCE445}.Release|x86.ActiveCfg = Release|Any CPU
		{90733A2C-DF6A-4A88-9865-382888CCE445}.Release|x86.Build.0 = Release|Any CPU
	EndGlobalSection
	GlobalSection(SolutionProperties) = preSolution
		HideSolutionNode = FALSE
	EndGlobalSection
	GlobalSection(NestedProjects) = preSolution
		{2E159976-6494-4A03-AF72-F26B0B0A065A} = {C3F7B963-21DA-4201-B7CA-DC88BAC59E3B}
		{BAD902E7-ABE2-4D1A-AB47-DFA2CC36133E} = {C3F7B963-21DA-4201-B7CA-DC88BAC59E3B}
		{7B2A44EB-5ADD-43F9-8DE0-8F6D81CE7A69} = {C3F7B963-21DA-4201-B7CA-DC88BAC59E3B}
		{D10650C8-B2B4-430C-8E50-8F15BEA6EBB3} = {C3F7B963-21DA-4201-B7CA-DC88BAC59E3B}
		{5FD8AD9F-2F5C-4866-B079-C42B3C6FC3A5} = {C3F7B963-21DA-4201-B7CA-DC88BAC59E3B}
		{1A4CED94-A2EB-405D-B53F-838A71C5A296} = {BE3CA679-8C3B-4352-AA1E-BD51917F58F5}
		{7466D32E-7296-42D7-8A23-80E9AE69CEB4} = {BE3CA679-8C3B-4352-AA1E-BD51917F58F5}
		{88477750-6271-4C43-B36A-B27D34F11DBC} = {BE3CA679-8C3B-4352-AA1E-BD51917F58F5}
		{689B91D1-EC88-42D7-A6E6-A353CF931883} = {C3F7B963-21DA-4201-B7CA-DC88BAC59E3B}
		{3C828493-73A6-4E1F-9BBD-32E357975C81} = {BE3CA679-8C3B-4352-AA1E-BD51917F58F5}
		{512277B6-DC45-412C-8E68-738A024156EB} = {BE3CA679-8C3B-4352-AA1E-BD51917F58F5}
		{90733A2C-DF6A-4A88-9865-382888CCE445} = {C3F7B963-21DA-4201-B7CA-DC88BAC59E3B}
	EndGlobalSection
EndGlobal
